
Microsoft Visual Studio Solution File, Format Version 12.00
# Visual Studio Version 17
VisualStudioVersion = 17.2.32616.157
MinimumVisualStudioVersion = 10.0.40219.1
Project("{FAE04EC0-301F-11D3-BF4B-00C04F79EFBC}") = "Sistema-Estacionamento", "Sistema-Estacionamento\Sistema-Estacionamento.csproj", "{AB7A34AA-944F-4DA9-AC24-C9ED8F513AEF}"
EndProject
Global
	GlobalSection(SolutionConfigurationPlatforms) = preSolution
		Debug|Any CPU = Debug|Any CPU
		Release|Any CPU = Release|Any CPU
	EndGlobalSection
	GlobalSection(ProjectConfigurationPlatforms) = postSolution
		{AB7A34AA-944F-4DA9-AC24-C9ED8F513AEF}.Debug|Any CPU.ActiveCfg = Debug|Any CPU
		{AB7A34AA-944F-4DA9-AC24-C9ED8F513AEF}.Debug|Any CPU.Build.0 = Debug|Any CPU
		{AB7A34AA-944F-4DA9-AC24-C9ED8F513AEF}.Release|Any CPU.ActiveCfg = Release|Any CPU
		{AB7A34AA-944F-4DA9-AC24-C9ED8F513AEF}.Release|Any CPU.Build.0 = Release|Any CPU
	EndGlobalSection
	GlobalSection(SolutionProperties) = preSolution
		HideSolutionNode = FALSE
	EndGlobalSection
	GlobalSection(ExtensibilityGlobals) = postSolution
		SolutionGuid = {4703CE23-0E4D-4B04-A1AD-27D7D3DCC767}
	EndGlobalSection
EndGlobal
